# This file is automatically @generated by Wally.
# It is not intended for manual editing.
registry = "test"

[[package]]
name = "4812571/binder"
version = "0.1.1"
dependencies = [["Signal", "sleitnick/signal@1.2.1"], ["Trove", "sleitnick/trove@0.4.2"]]

[[package]]
name = "dylan/voltz"
version = "0.1.0"
dependencies = [["Binder", "4812571/binder@0.1.1"], ["Knit", "sleitnick/knit@1.4.7"], ["Signal", "sleitnick/signal@1.2.1"], ["Trove", "sleitnick/trove@0.4.2"]]

[[package]]
name = "evaera/promise"
version = "4.0.0"
dependencies = []

[[package]]
name = "sleitnick/comm"
version = "0.3.1"
dependencies = [["Option", "sleitnick/option@1.0.4"], ["Promise", "evaera/promise@4.0.0"], ["Signal", "sleitnick/signal@1.2.1"]]

[[package]]
name = "sleitnick/knit"
version = "1.4.7"
dependencies = [["Comm", "sleitnick/comm@0.3.1"], ["Promise", "evaera/promise@4.0.0"]]

[[package]]
name = "sleitnick/option"
version = "1.0.4"
dependencies = []

[[package]]
name = "sleitnick/signal"
version = "1.2.1"
dependencies = []

[[package]]
name = "sleitnick/trove"
version = "0.4.2"
dependencies = []
