# This file is automatically @generated by Wally.
# It is not intended for manual editing.
registry = "test"

[[package]]
name = "4812571/binder"
version = "0.1.0"
dependencies = [["Signal", "sleitnick/signal@1.2.1"], ["Trove", "sleitnick/trove@0.4.2"]]

[[package]]
name = "dylan/voltz"
version = "0.1.0"
dependencies = [["Binder", "4812571/binder@0.1.0"], ["Signal", "sleitnick/signal@1.2.1"], ["Trove", "sleitnick/trove@0.4.2"]]

[[package]]
name = "sleitnick/signal"
version = "1.2.1"
dependencies = []

[[package]]
name = "sleitnick/trove"
version = "0.4.2"
dependencies = []
